PODS:
  - ACKit (1.0.3)
  - Alamofire (4.5.1)
  - AlamofireObjectMapper (4.0.1):
    - Alamofire (~> 4.1)
    - ObjectMapper (~> 2.0)
  - Crashlytics (3.8.3):
    - Fabric (~> 1.6.3)
  - Fabric (1.6.11)
  - KYDrawerController (2.0.1)
  - Locksmith (3.0.0)
  - ObjectMapper (2.2.2)
  - QRCodeReader.swift (7.2.0)
  - Realm (2.10.2):
    - Realm/Headers (= 2.10.2)
  - Realm/Headers (2.10.2)
  - RealmSwift (2.10.2):
    - Realm (= 2.10.2)
  - RZTransitions (1.2.1)
  - SDWebImage (3.8.2):
    - SDWebImage/Core (= 3.8.2)
  - SDWebImage/Core (3.8.2)

DEPENDENCIES:
  - ACKit (from `https://github.com/austinzmchen/ACKit.git`, branch `master`)
  - Alamofire
  - AlamofireObjectMapper
  - Crashlytics
  - Fabric
  - KYDrawerController
  - Locksmith
  - QRCodeReader.swift
  - RealmSwift
  - RZTransitions (from `https://github.com/austinzmchen/RZTransitions.git`, branch `release/ACCustomUI_1.1.4`)
  - SDWebImage

EXTERNAL SOURCES:
  ACKit:
    :branch: master
    :git: https://github.com/austinzmchen/ACKit.git
  RZTransitions:
    :branch: release/ACCustomUI_1.1.4
    :git: https://github.com/austinzmchen/RZTransitions.git

CHECKOUT OPTIONS:
  ACKit:
    :commit: 1ef893e36f105c193d6e67f5106171399415e0df
    :git: https://github.com/austinzmchen/ACKit.git
  RZTransitions:
    :commit: e1fd2cdfd32b707952bef0e7c9fa22984b149f52
    :git: https://github.com/austinzmchen/RZTransitions.git

SPEC CHECKSUMS:
  ACKit: afe78603a3c7a5a98dae4cf4f1bd259f3d156ae9
  Alamofire: 2d95912bf4c34f164fdfc335872e8c312acaea4a
  AlamofireObjectMapper: 842d2eed43a4d0593ff0110d54ac86a170c4519c
  Crashlytics: 2b6dbe138a42395577cfa73dfa1aa7248cadf39e
  Fabric: 5911403591946b8228ab1c51d98f1d7137e863c6
  KYDrawerController: b716cfa5730dc2133a67efcfc28b3b5a2cff6101
  Locksmith: 310b4cc5031af5728bf4db5d4de547a5100c6a3b
  ObjectMapper: 9e385c2295bcc4e16eabbcfc85db801442bba545
  QRCodeReader.swift: 2ddf74993243106dd2be5cf9f6e13c7a3e9a2d00
  Realm: 0ef72b837fb67e9f4b098bac771ddd72c7fdbb69
  RealmSwift: 07a9ae0505091eda6b2ee7c190c3786d6e90a7b0
  RZTransitions: 0e0013fda6989ee84dc5e44dca79fd539e1a975a
  SDWebImage: 098e97e6176540799c27e804c96653ee0833d13c

PODFILE CHECKSUM: 05a10491e5ed0d240111a38ac50d32335e465e66

COCOAPODS: 1.3.1
