// !$*UTF8*$!
{
	archiveVersion = 1;
	classes = {
	};
	objectVersion = 46;
	objects = {

/* Begin PBXBuildFile section */
		32B5268B7CBA87846734224C /* Pods_WorldBosses.framework in Frameworks */ = {isa = PBXBuildFile; fileRef = E8EEB5B9C2FEDBFFEEF747BA /* Pods_WorldBosses.framework */; };
		C4026EAF1DEE2A1A0097FFC1 /* WBWalletProcessor.swift in Sources */ = {isa = PBXBuildFile; fileRef = C4026EAE1DEE2A1A0097FFC1 /* WBWalletProcessor.swift */; };
		C4026EB11DEE2B840097FFC1 /* WBSyncContext.swift in Sources */ = {isa = PBXBuildFile; fileRef = C4026EB01DEE2B840097FFC1 /* WBSyncContext.swift */; };
		C4026EB31DEE33C00097FFC1 /* WBSyncCoordinator.swift in Sources */ = {isa = PBXBuildFile; fileRef = C4026EB21DEE33C00097FFC1 /* WBSyncCoordinator.swift */; };
		C41094A51D88FFCF00751A72 /* WBSettingsViewController.swift in Sources */ = {isa = PBXBuildFile; fileRef = C41094A41D88FFCF00751A72 /* WBSettingsViewController.swift */; };
		C41094A71D89003D00751A72 /* WBAboutViewController.swift in Sources */ = {isa = PBXBuildFile; fileRef = C41094A61D89003D00751A72 /* WBAboutViewController.swift */; };
		C411FAE51DFDF7D90038337F /* WBStorageWalletViewModel.swift in Sources */ = {isa = PBXBuildFile; fileRef = C411FAE41DFDF7D90038337F /* WBStorageWalletViewModel.swift */; };
		C411FAE71DFDF7FA0038337F /* WBStorageBankViewModel.swift in Sources */ = {isa = PBXBuildFile; fileRef = C411FAE61DFDF7FA0038337F /* WBStorageBankViewModel.swift */; };
		C411FAE91DFDF8110038337F /* WBStorageMaterialViewModel.swift in Sources */ = {isa = PBXBuildFile; fileRef = C411FAE81DFDF8110038337F /* WBStorageMaterialViewModel.swift */; };
		C411FAEB1DFDF84E0038337F /* WBStorageTableViewModelType.swift in Sources */ = {isa = PBXBuildFile; fileRef = C411FAEA1DFDF84E0038337F /* WBStorageTableViewModelType.swift */; };
		C413001D1DEF7BDC00D2A92F /* WBBankProcessor.swift in Sources */ = {isa = PBXBuildFile; fileRef = C413001C1DEF7BDC00D2A92F /* WBBankProcessor.swift */; };
		C413001F1DEF88A200D2A92F /* WBCharacterProcessor.swift in Sources */ = {isa = PBXBuildFile; fileRef = C413001E1DEF88A200D2A92F /* WBCharacterProcessor.swift */; };
		C41300211DF0873C00D2A92F /* MapHelper.swift in Sources */ = {isa = PBXBuildFile; fileRef = C41300201DF0873C00D2A92F /* MapHelper.swift */; };
		C41E4E921D74D1850037E57F /* WBHighLevelBoss.swift in Sources */ = {isa = PBXBuildFile; fileRef = C41E4E911D74D1850037E57F /* WBHighLevelBoss.swift */; };
		C42B94611DFE1DCE0019CB3D /* WBMaterialElement.swift in Sources */ = {isa = PBXBuildFile; fileRef = C42B94601DFE1DCE0019CB3D /* WBMaterialElement.swift */; };
		C42B94641DFE2A130019CB3D /* ArrayPlus.swift in Sources */ = {isa = PBXBuildFile; fileRef = C42B94631DFE2A130019CB3D /* ArrayPlus.swift */; };
		C4341A841D89FA28007D84CC /* WBBossFactory+TestBosses.swift in Sources */ = {isa = PBXBuildFile; fileRef = C4341A831D89FA28007D84CC /* WBBossFactory+TestBosses.swift */; };
		C4341F181D8F1027007D84CC /* WBKeyStore.swift in Sources */ = {isa = PBXBuildFile; fileRef = C4341F171D8F1027007D84CC /* WBKeyStore.swift */; };
		C4358C9E1E443A970094D863 /* WBSettings.swift in Sources */ = {isa = PBXBuildFile; fileRef = C4358C9D1E443A970094D863 /* WBSettings.swift */; };
		C43EF30C1E68CB1700C6FADD /* WBStorageDetailViewController.swift in Sources */ = {isa = PBXBuildFile; fileRef = C43EF30B1E68CB1700C6FADD /* WBStorageDetailViewController.swift */; };
		C43EF30E1E68D00300C6FADD /* WBStorageDetailTitleTableCell.swift in Sources */ = {isa = PBXBuildFile; fileRef = C43EF30D1E68D00300C6FADD /* WBStorageDetailTitleTableCell.swift */; };
		C43EF3101E68D01900C6FADD /* WBStorageDetailDescriptionTableCell.swift in Sources */ = {isa = PBXBuildFile; fileRef = C43EF30F1E68D01900C6FADD /* WBStorageDetailDescriptionTableCell.swift */; };
		C43EF3121E68D02C00C6FADD /* WBStorageDetailTypeTableCell.swift in Sources */ = {isa = PBXBuildFile; fileRef = C43EF3111E68D02C00C6FADD /* WBStorageDetailTypeTableCell.swift */; };
		C43EF3141E68D4D700C6FADD /* ACBorderedImageView.swift in Sources */ = {isa = PBXBuildFile; fileRef = C43EF3131E68D4D700C6FADD /* ACBorderedImageView.swift */; };
		C43EF3181E6A2C5700C6FADD /* RealmSwiftPlus.swift in Sources */ = {isa = PBXBuildFile; fileRef = C43EF3171E6A2C5700C6FADD /* RealmSwiftPlus.swift */; };
		C43EF31A1E6A7A7700C6FADD /* WBStorageWalletTableViewController.swift in Sources */ = {isa = PBXBuildFile; fileRef = C43EF3191E6A7A7700C6FADD /* WBStorageWalletTableViewController.swift */; };
		C43EF31C1E6A7B6D00C6FADD /* WBStorageBankTableViewController.swift in Sources */ = {isa = PBXBuildFile; fileRef = C43EF31B1E6A7B6D00C6FADD /* WBStorageBankTableViewController.swift */; };
		C43EF31E1E6A7B8900C6FADD /* WBStorageMaterialTableViewController.swift in Sources */ = {isa = PBXBuildFile; fileRef = C43EF31D1E6A7B8900C6FADD /* WBStorageMaterialTableViewController.swift */; };
		C43EF3201E6B7AAF00C6FADD /* WBCoinView.xib in Resources */ = {isa = PBXBuildFile; fileRef = C43EF31F1E6B7AAF00C6FADD /* WBCoinView.xib */; };
		C43EF3221E6B7D7900C6FADD /* WBCoinView.swift in Sources */ = {isa = PBXBuildFile; fileRef = C43EF3211E6B7D7900C6FADD /* WBCoinView.swift */; };
		C43EF3241E6CE9A500C6FADD /* WBStorageDetailCoinValueTableCell.swift in Sources */ = {isa = PBXBuildFile; fileRef = C43EF3231E6CE9A500C6FADD /* WBStorageDetailCoinValueTableCell.swift */; };
		C446050B1E45306300E3B0C3 /* UIApplication+VCStack.swift in Sources */ = {isa = PBXBuildFile; fileRef = C446050A1E45306300E3B0C3 /* UIApplication+VCStack.swift */; };
		C446050D1E4536CD00E3B0C3 /* AppDelegate+ForceTouchMenu.swift in Sources */ = {isa = PBXBuildFile; fileRef = C446050C1E4536CD00E3B0C3 /* AppDelegate+ForceTouchMenu.swift */; };
		C45B6C9E1D68BE5800F94060 /* Timer.storyboard in Resources */ = {isa = PBXBuildFile; fileRef = C45B6C9C1D68BE5800F94060 /* Timer.storyboard */; };
		C45B6CA31D68BE5800F94060 /* Assets.xcassets in Resources */ = {isa = PBXBuildFile; fileRef = C45B6CA21D68BE5800F94060 /* Assets.xcassets */; };
		C45B6CA61D68BE5800F94060 /* LaunchScreen.storyboard in Resources */ = {isa = PBXBuildFile; fileRef = C45B6CA41D68BE5800F94060 /* LaunchScreen.storyboard */; };
		C45BAE291DF2550200C6FB5A /* WBAPIKeyEntryViewController.swift in Sources */ = {isa = PBXBuildFile; fileRef = C45BAE281DF2550200C6FB5A /* WBAPIKeyEntryViewController.swift */; };
		C45BAE2C1DF27F1800C6FB5A /* Settings.storyboard in Resources */ = {isa = PBXBuildFile; fileRef = C45BAE2A1DF27F1800C6FB5A /* Settings.storyboard */; };
		C45D343D1DEB5A1A001C47F9 /* WBWalletRemote.swift in Sources */ = {isa = PBXBuildFile; fileRef = C45D343C1DEB5A1A001C47F9 /* WBWalletRemote.swift */; };
		C45D343F1DEB5A9E001C47F9 /* WBJsonCharacter.swift in Sources */ = {isa = PBXBuildFile; fileRef = C45D343E1DEB5A9E001C47F9 /* WBJsonCharacter.swift */; };
		C45D34411DEB5ABF001C47F9 /* WBCharacterRemote.swift in Sources */ = {isa = PBXBuildFile; fileRef = C45D34401DEB5ABF001C47F9 /* WBCharacterRemote.swift */; };
		C45D34431DEB5CC2001C47F9 /* WBJsonBase.swift in Sources */ = {isa = PBXBuildFile; fileRef = C45D34421DEB5CC2001C47F9 /* WBJsonBase.swift */; };
		C45D34461DEB6D53001C47F9 /* Storage.storyboard in Resources */ = {isa = PBXBuildFile; fileRef = C45D34441DEB6D53001C47F9 /* Storage.storyboard */; };
		C45D34491DEB7A66001C47F9 /* Drawer.storyboard in Resources */ = {isa = PBXBuildFile; fileRef = C45D34471DEB7A66001C47F9 /* Drawer.storyboard */; };
		C45D344E1DEB82AB001C47F9 /* WBDrawerMasterViewController.swift in Sources */ = {isa = PBXBuildFile; fileRef = C45D344D1DEB82AB001C47F9 /* WBDrawerMasterViewController.swift */; };
		C45D34501DEB8417001C47F9 /* WBDrawerViewController.swift in Sources */ = {isa = PBXBuildFile; fileRef = C45D344F1DEB8417001C47F9 /* WBDrawerViewController.swift */; };
		C45D34531DEB8691001C47F9 /* WBDrawerTableViewCell.swift in Sources */ = {isa = PBXBuildFile; fileRef = C45D34521DEB8691001C47F9 /* WBDrawerTableViewCell.swift */; };
		C45D34551DEB8766001C47F9 /* WBStorageItemTableViewCell.swift in Sources */ = {isa = PBXBuildFile; fileRef = C45D34541DEB8766001C47F9 /* WBStorageItemTableViewCell.swift */; };
		C45D345C1DECD7D6001C47F9 /* WBMainViewController+NavigationBar.swift in Sources */ = {isa = PBXBuildFile; fileRef = C45D345A1DECD7D6001C47F9 /* WBMainViewController+NavigationBar.swift */; };
		C45D345D1DECD7D6001C47F9 /* WBMainViewController.swift in Sources */ = {isa = PBXBuildFile; fileRef = C45D345B1DECD7D6001C47F9 /* WBMainViewController.swift */; };
		C45D345F1DECD865001C47F9 /* WBStoragePageViewController.swift in Sources */ = {isa = PBXBuildFile; fileRef = C45D345E1DECD865001C47F9 /* WBStoragePageViewController.swift */; };
		C45D34621DECDB42001C47F9 /* AppDelegate.swift in Sources */ = {isa = PBXBuildFile; fileRef = C45D34611DECDB42001C47F9 /* AppDelegate.swift */; };
		C45D34641DECDBBC001C47F9 /* WBStoryboardFactory.swift in Sources */ = {isa = PBXBuildFile; fileRef = C45D34631DECDBBC001C47F9 /* WBStoryboardFactory.swift */; };
		C45D34661DECDD73001C47F9 /* WBStorageGeneralTableViewController.swift in Sources */ = {isa = PBXBuildFile; fileRef = C45D34651DECDD73001C47F9 /* WBStorageGeneralTableViewController.swift */; };
		C45D34681DECDEE1001C47F9 /* WBStorageMainViewController.swift in Sources */ = {isa = PBXBuildFile; fileRef = C45D34671DECDEE1001C47F9 /* WBStorageMainViewController.swift */; };
		C45D346D1DECEA41001C47F9 /* WBObject.swift in Sources */ = {isa = PBXBuildFile; fileRef = C45D346C1DECEA41001C47F9 /* WBObject.swift */; };
		C45D346F1DED0E4A001C47F9 /* RealmPlus.swift in Sources */ = {isa = PBXBuildFile; fileRef = C45D346E1DED0E4A001C47F9 /* RealmPlus.swift */; };
		C47B01261E088CEE0057F475 /* AppConfigurator.swift in Sources */ = {isa = PBXBuildFile; fileRef = C47B01251E088CEE0057F475 /* AppConfigurator.swift */; };
		C47D5B201DE69F0E00082CFD /* Entities.swift in Sources */ = {isa = PBXBuildFile; fileRef = C47D5B1D1DE69F0E00082CFD /* Entities.swift */; };
		C47D5B211DE69F0E00082CFD /* GoWWorldBosses.xcdatamodeld in Sources */ = {isa = PBXBuildFile; fileRef = C47D5B1E1DE69F0E00082CFD /* GoWWorldBosses.xcdatamodeld */; };
		C47D5B231DE69F3000082CFD /* WBJsonCurrency.swift in Sources */ = {isa = PBXBuildFile; fileRef = C47D5B221DE69F3000082CFD /* WBJsonCurrency.swift */; };
		C47D5B251DE69F5100082CFD /* WBJsonBankElement.swift in Sources */ = {isa = PBXBuildFile; fileRef = C47D5B241DE69F5100082CFD /* WBJsonBankElement.swift */; };
		C47D5B2A1DE6A01900082CFD /* WBBankRemote.swift in Sources */ = {isa = PBXBuildFile; fileRef = C47D5B271DE6A01900082CFD /* WBBankRemote.swift */; };
		C47D5B2B1DE6A01900082CFD /* WBRemote.swift in Sources */ = {isa = PBXBuildFile; fileRef = C47D5B281DE6A01900082CFD /* WBRemote.swift */; };
		C47D5B2D1DE6A23500082CFD /* WBRemoteSession.swift in Sources */ = {isa = PBXBuildFile; fileRef = C47D5B2C1DE6A23500082CFD /* WBRemoteSession.swift */; };
		C47E30CD1DF24F8F00B91996 /* APIKeyEntry.storyboard in Resources */ = {isa = PBXBuildFile; fileRef = C47E30CB1DF24F8F00B91996 /* APIKeyEntry.storyboard */; };
		C4873F9B1E0D855E002E742D /* UIColorPlus.swift in Sources */ = {isa = PBXBuildFile; fileRef = C4873F9A1E0D855E002E742D /* UIColorPlus.swift */; };
		C4873F9D1E0D93E7002E742D /* WBStorageWalletCoinTableViewCell.swift in Sources */ = {isa = PBXBuildFile; fileRef = C4873F9C1E0D93E7002E742D /* WBStorageWalletCoinTableViewCell.swift */; };
		C4873F9F1E0F3AA6002E742D /* WBRootViewController.swift in Sources */ = {isa = PBXBuildFile; fileRef = C4873F9E1E0F3AA6002E742D /* WBRootViewController.swift */; };
		C48D84E41DFE15F800585E61 /* WBJsonMaterialElement.swift in Sources */ = {isa = PBXBuildFile; fileRef = C48D84E31DFE15F800585E61 /* WBJsonMaterialElement.swift */; };
		C48D84E61DFE160E00585E61 /* WBJsonItem.swift in Sources */ = {isa = PBXBuildFile; fileRef = C48D84E51DFE160E00585E61 /* WBJsonItem.swift */; };
		C48D84E81DFE16DC00585E61 /* WBMaterialRemote.swift in Sources */ = {isa = PBXBuildFile; fileRef = C48D84E71DFE16DC00585E61 /* WBMaterialRemote.swift */; };
		C48D84EA1DFE17C500585E61 /* WBItemRemote.swift in Sources */ = {isa = PBXBuildFile; fileRef = C48D84E91DFE17C500585E61 /* WBItemRemote.swift */; };
		C48D84EC1DFE186100585E61 /* WBMaterialProcessor.swift in Sources */ = {isa = PBXBuildFile; fileRef = C48D84EB1DFE186100585E61 /* WBMaterialProcessor.swift */; };
		C48D84EE1DFE189A00585E61 /* WBItem.swift in Sources */ = {isa = PBXBuildFile; fileRef = C48D84ED1DFE189A00585E61 /* WBItem.swift */; };
		C48F43C81E160275008DB46B /* WBRemoteResult.swift in Sources */ = {isa = PBXBuildFile; fileRef = C48F43C71E160275008DB46B /* WBRemoteResult.swift */; };
		C4903BF51E00678F004F3345 /* Characters.storyboard in Resources */ = {isa = PBXBuildFile; fileRef = C4903BF41E00678F004F3345 /* Characters.storyboard */; };
		C4903BF81E006828004F3345 /* WBCharactersTableViewController.swift in Sources */ = {isa = PBXBuildFile; fileRef = C4903BF71E006828004F3345 /* WBCharactersTableViewController.swift */; };
		C4903BFA1E006859004F3345 /* WBCharactersTableViewCell.swift in Sources */ = {isa = PBXBuildFile; fileRef = C4903BF91E006859004F3345 /* WBCharactersTableViewCell.swift */; };
		C499F0981E146895002F534F /* WBApiErrorView.swift in Sources */ = {isa = PBXBuildFile; fileRef = C499F0971E146895002F534F /* WBApiErrorView.swift */; };
		C499F09A1E1468DA002F534F /* WBApiErrorView.xib in Resources */ = {isa = PBXBuildFile; fileRef = C499F0991E1468DA002F534F /* WBApiErrorView.xib */; };
		C4A409411E01E11600130C85 /* WBSettingsTableViewCell.swift in Sources */ = {isa = PBXBuildFile; fileRef = C4A409401E01E11600130C85 /* WBSettingsTableViewCell.swift */; };
		C4A409441E01E2B200130C85 /* WBMainTableViewCell.swift in Sources */ = {isa = PBXBuildFile; fileRef = C4A409421E01E2B200130C85 /* WBMainTableViewCell.swift */; };
		C4A409451E01E2B200130C85 /* WBSettingsNotificationTableViewCell.swift in Sources */ = {isa = PBXBuildFile; fileRef = C4A409431E01E2B200130C85 /* WBSettingsNotificationTableViewCell.swift */; };
		C4A409471E01E3E100130C85 /* WBAPIKeyViewController.swift in Sources */ = {isa = PBXBuildFile; fileRef = C4A409461E01E3E100130C85 /* WBAPIKeyViewController.swift */; };
		C4A409491E01EA1A00130C85 /* WBAPIKeyTableViewCell.swift in Sources */ = {isa = PBXBuildFile; fileRef = C4A409481E01EA1A00130C85 /* WBAPIKeyTableViewCell.swift */; };
		C4A4094B1E01ED2400130C85 /* WBAccountRemote.swift in Sources */ = {isa = PBXBuildFile; fileRef = C4A4094A1E01ED2400130C85 /* WBAccountRemote.swift */; };
		C4A4094D1E01F0AA00130C85 /* WBJsonAccount.swift in Sources */ = {isa = PBXBuildFile; fileRef = C4A4094C1E01F0AA00130C85 /* WBJsonAccount.swift */; };
		C4A4094F1E01FF4E00130C85 /* WBAccountProcessor.swift in Sources */ = {isa = PBXBuildFile; fileRef = C4A4094E1E01FF4E00130C85 /* WBAccountProcessor.swift */; };
		C4A409511E03279A00130C85 /* WBAccount.swift in Sources */ = {isa = PBXBuildFile; fileRef = C4A409501E03279A00130C85 /* WBAccount.swift */; };
		C4A409531E033B2500130C85 /* WBAPIKeyEntryViewController+QRCode.swift in Sources */ = {isa = PBXBuildFile; fileRef = C4A409521E033B2500130C85 /* WBAPIKeyEntryViewController+QRCode.swift */; };
		C4A7818E1D6915E900786488 /* WBBossFactory.swift in Sources */ = {isa = PBXBuildFile; fileRef = C4A7818D1D6915E900786488 /* WBBossFactory.swift */; };
		C4A781901D69165B00786488 /* WBBoss.swift in Sources */ = {isa = PBXBuildFile; fileRef = C4A7818F1D69165B00786488 /* WBBoss.swift */; };
		C4A781921D69227300786488 /* NSDate+Plus.swift in Sources */ = {isa = PBXBuildFile; fileRef = C4A781911D69227300786488 /* NSDate+Plus.swift */; };
		C4ACF9C81E49087500C3F4E3 /* WBSpinnerView.swift in Sources */ = {isa = PBXBuildFile; fileRef = C4ACF9C71E49087500C3F4E3 /* WBSpinnerView.swift */; };
		C4ACF9CC1E49089B00C3F4E3 /* WBSpinnerView.xib in Resources */ = {isa = PBXBuildFile; fileRef = C4ACF9CB1E49089B00C3F4E3 /* WBSpinnerView.xib */; };
		C4C799E91DF503D100A8B5F4 /* Utility.storyboard in Resources */ = {isa = PBXBuildFile; fileRef = C4C799E71DF503D000A8B5F4 /* Utility.storyboard */; };
		C4C799EB1DF5044000A8B5F4 /* WBLoaderViewController.swift in Sources */ = {isa = PBXBuildFile; fileRef = C4C799EA1DF5044000A8B5F4 /* WBLoaderViewController.swift */; };
		C4C799ED1DF505BD00A8B5F4 /* UIApplication+Loader.swift in Sources */ = {isa = PBXBuildFile; fileRef = C4C799EC1DF505BD00A8B5F4 /* UIApplication+Loader.swift */; };
		C4E310F21E09EC7B0095EEB4 /* README.md in Sources */ = {isa = PBXBuildFile; fileRef = C4E310F11E09EC7B0095EEB4 /* README.md */; };
		C4E311091E09EC8C0095EEB4 /* TechNotes.md in Sources */ = {isa = PBXBuildFile; fileRef = C4E310F91E09EC8C0095EEB4 /* TechNotes.md */; };
		C4E311131E09EFBB0095EEB4 /* ACBorderedButton.swift in Sources */ = {isa = PBXBuildFile; fileRef = C4E311121E09EFBB0095EEB4 /* ACBorderedButton.swift */; };
		C4E311171E09F03D0095EEB4 /* ACBorderedTextField.swift in Sources */ = {isa = PBXBuildFile; fileRef = C4E311161E09F03D0095EEB4 /* ACBorderedTextField.swift */; };
		C4E311191E09F17A0095EEB4 /* UIBarButtonPlus.swift in Sources */ = {isa = PBXBuildFile; fileRef = C4E311181E09F17A0095EEB4 /* UIBarButtonPlus.swift */; };
/* End PBXBuildFile section */

/* Begin PBXFileReference section */
		02A9040D489312C722156EC9 /* Pods-WorldBosses.debug.xcconfig */ = {isa = PBXFileReference; includeInIndex = 1; lastKnownFileType = text.xcconfig; name = "Pods-WorldBosses.debug.xcconfig"; path = "Pods/Target Support Files/Pods-WorldBosses/Pods-WorldBosses.debug.xcconfig"; sourceTree = "<group>"; };
		1E513F50CFF16B521B3D76B2 /* Pods-WorldBosses.release.xcconfig */ = {isa = PBXFileReference; includeInIndex = 1; lastKnownFileType = text.xcconfig; name = "Pods-WorldBosses.release.xcconfig"; path = "Pods/Target Support Files/Pods-WorldBosses/Pods-WorldBosses.release.xcconfig"; sourceTree = "<group>"; };
		C4026EAE1DEE2A1A0097FFC1 /* WBWalletProcessor.swift */ = {isa = PBXFileReference; fileEncoding = 4; lastKnownFileType = sourcecode.swift; path = WBWalletProcessor.swift; sourceTree = "<group>"; };
		C4026EB01DEE2B840097FFC1 /* WBSyncContext.swift */ = {isa = PBXFileReference; fileEncoding = 4; lastKnownFileType = sourcecode.swift; path = WBSyncContext.swift; sourceTree = "<group>"; };
		C4026EB21DEE33C00097FFC1 /* WBSyncCoordinator.swift */ = {isa = PBXFileReference; fileEncoding = 4; lastKnownFileType = sourcecode.swift; path = WBSyncCoordinator.swift; sourceTree = "<group>"; };
		C41094A41D88FFCF00751A72 /* WBSettingsViewController.swift */ = {isa = PBXFileReference; fileEncoding = 4; lastKnownFileType = sourcecode.swift; path = WBSettingsViewController.swift; sourceTree = "<group>"; };
		C41094A61D89003D00751A72 /* WBAboutViewController.swift */ = {isa = PBXFileReference; fileEncoding = 4; lastKnownFileType = sourcecode.swift; path = WBAboutViewController.swift; sourceTree = "<group>"; };
		C411FAE41DFDF7D90038337F /* WBStorageWalletViewModel.swift */ = {isa = PBXFileReference; fileEncoding = 4; lastKnownFileType = sourcecode.swift; path = WBStorageWalletViewModel.swift; sourceTree = "<group>"; };
		C411FAE61DFDF7FA0038337F /* WBStorageBankViewModel.swift */ = {isa = PBXFileReference; fileEncoding = 4; lastKnownFileType = sourcecode.swift; path = WBStorageBankViewModel.swift; sourceTree = "<group>"; };
		C411FAE81DFDF8110038337F /* WBStorageMaterialViewModel.swift */ = {isa = PBXFileReference; fileEncoding = 4; lastKnownFileType = sourcecode.swift; path = WBStorageMaterialViewModel.swift; sourceTree = "<group>"; };
		C411FAEA1DFDF84E0038337F /* WBStorageTableViewModelType.swift */ = {isa = PBXFileReference; fileEncoding = 4; lastKnownFileType = sourcecode.swift; path = WBStorageTableViewModelType.swift; sourceTree = "<group>"; };
		C413001C1DEF7BDC00D2A92F /* WBBankProcessor.swift */ = {isa = PBXFileReference; fileEncoding = 4; lastKnownFileType = sourcecode.swift; path = WBBankProcessor.swift; sourceTree = "<group>"; };
		C413001E1DEF88A200D2A92F /* WBCharacterProcessor.swift */ = {isa = PBXFileReference; fileEncoding = 4; lastKnownFileType = sourcecode.swift; path = WBCharacterProcessor.swift; sourceTree = "<group>"; };
		C41300201DF0873C00D2A92F /* MapHelper.swift */ = {isa = PBXFileReference; fileEncoding = 4; lastKnownFileType = sourcecode.swift; path = MapHelper.swift; sourceTree = "<group>"; };
		C41E4E911D74D1850037E57F /* WBHighLevelBoss.swift */ = {isa = PBXFileReference; fileEncoding = 4; lastKnownFileType = sourcecode.swift; path = WBHighLevelBoss.swift; sourceTree = "<group>"; };
		C42B94601DFE1DCE0019CB3D /* WBMaterialElement.swift */ = {isa = PBXFileReference; fileEncoding = 4; lastKnownFileType = sourcecode.swift; path = WBMaterialElement.swift; sourceTree = "<group>"; };
		C42B94631DFE2A130019CB3D /* ArrayPlus.swift */ = {isa = PBXFileReference; fileEncoding = 4; lastKnownFileType = sourcecode.swift; path = ArrayPlus.swift; sourceTree = "<group>"; };
		C4341A831D89FA28007D84CC /* WBBossFactory+TestBosses.swift */ = {isa = PBXFileReference; fileEncoding = 4; lastKnownFileType = sourcecode.swift; path = "WBBossFactory+TestBosses.swift"; sourceTree = "<group>"; };
		C4341F171D8F1027007D84CC /* WBKeyStore.swift */ = {isa = PBXFileReference; fileEncoding = 4; lastKnownFileType = sourcecode.swift; path = WBKeyStore.swift; sourceTree = "<group>"; };
		C4358C9D1E443A970094D863 /* WBSettings.swift */ = {isa = PBXFileReference; fileEncoding = 4; lastKnownFileType = sourcecode.swift; path = WBSettings.swift; sourceTree = "<group>"; };
		C43EF30B1E68CB1700C6FADD /* WBStorageDetailViewController.swift */ = {isa = PBXFileReference; fileEncoding = 4; lastKnownFileType = sourcecode.swift; path = WBStorageDetailViewController.swift; sourceTree = "<group>"; };
		C43EF30D1E68D00300C6FADD /* WBStorageDetailTitleTableCell.swift */ = {isa = PBXFileReference; fileEncoding = 4; lastKnownFileType = sourcecode.swift; path = WBStorageDetailTitleTableCell.swift; sourceTree = "<group>"; };
		C43EF30F1E68D01900C6FADD /* WBStorageDetailDescriptionTableCell.swift */ = {isa = PBXFileReference; fileEncoding = 4; lastKnownFileType = sourcecode.swift; path = WBStorageDetailDescriptionTableCell.swift; sourceTree = "<group>"; };
		C43EF3111E68D02C00C6FADD /* WBStorageDetailTypeTableCell.swift */ = {isa = PBXFileReference; fileEncoding = 4; lastKnownFileType = sourcecode.swift; path = WBStorageDetailTypeTableCell.swift; sourceTree = "<group>"; };
		C43EF3131E68D4D700C6FADD /* ACBorderedImageView.swift */ = {isa = PBXFileReference; fileEncoding = 4; lastKnownFileType = sourcecode.swift; path = ACBorderedImageView.swift; sourceTree = "<group>"; };
		C43EF3171E6A2C5700C6FADD /* RealmSwiftPlus.swift */ = {isa = PBXFileReference; fileEncoding = 4; lastKnownFileType = sourcecode.swift; path = RealmSwiftPlus.swift; sourceTree = "<group>"; };
		C43EF3191E6A7A7700C6FADD /* WBStorageWalletTableViewController.swift */ = {isa = PBXFileReference; fileEncoding = 4; lastKnownFileType = sourcecode.swift; path = WBStorageWalletTableViewController.swift; sourceTree = "<group>"; };
		C43EF31B1E6A7B6D00C6FADD /* WBStorageBankTableViewController.swift */ = {isa = PBXFileReference; fileEncoding = 4; lastKnownFileType = sourcecode.swift; path = WBStorageBankTableViewController.swift; sourceTree = "<group>"; };
		C43EF31D1E6A7B8900C6FADD /* WBStorageMaterialTableViewController.swift */ = {isa = PBXFileReference; fileEncoding = 4; lastKnownFileType = sourcecode.swift; path = WBStorageMaterialTableViewController.swift; sourceTree = "<group>"; };
		C43EF31F1E6B7AAF00C6FADD /* WBCoinView.xib */ = {isa = PBXFileReference; fileEncoding = 4; lastKnownFileType = file.xib; path = WBCoinView.xib; sourceTree = "<group>"; };
		C43EF3211E6B7D7900C6FADD /* WBCoinView.swift */ = {isa = PBXFileReference; fileEncoding = 4; lastKnownFileType = sourcecode.swift; path = WBCoinView.swift; sourceTree = "<group>"; };
		C43EF3231E6CE9A500C6FADD /* WBStorageDetailCoinValueTableCell.swift */ = {isa = PBXFileReference; fileEncoding = 4; lastKnownFileType = sourcecode.swift; path = WBStorageDetailCoinValueTableCell.swift; sourceTree = "<group>"; };
		C446050A1E45306300E3B0C3 /* UIApplication+VCStack.swift */ = {isa = PBXFileReference; fileEncoding = 4; lastKnownFileType = sourcecode.swift; path = "UIApplication+VCStack.swift"; sourceTree = "<group>"; };
		C446050C1E4536CD00E3B0C3 /* AppDelegate+ForceTouchMenu.swift */ = {isa = PBXFileReference; fileEncoding = 4; lastKnownFileType = sourcecode.swift; path = "AppDelegate+ForceTouchMenu.swift"; sourceTree = "<group>"; };
		C45B6C951D68BE5800F94060 /* WorldBosses.app */ = {isa = PBXFileReference; explicitFileType = wrapper.application; includeInIndex = 0; path = WorldBosses.app; sourceTree = BUILT_PRODUCTS_DIR; };
		C45B6C9D1D68BE5800F94060 /* Base */ = {isa = PBXFileReference; lastKnownFileType = file.storyboard; name = Base; path = Base.lproj/Timer.storyboard; sourceTree = "<group>"; };
		C45B6CA21D68BE5800F94060 /* Assets.xcassets */ = {isa = PBXFileReference; lastKnownFileType = folder.assetcatalog; path = Assets.xcassets; sourceTree = "<group>"; };
		C45B6CA51D68BE5800F94060 /* Base */ = {isa = PBXFileReference; lastKnownFileType = file.storyboard; name = Base; path = Base.lproj/LaunchScreen.storyboard; sourceTree = "<group>"; };
		C45B6CA71D68BE5800F94060 /* Info.plist */ = {isa = PBXFileReference; lastKnownFileType = text.plist.xml; path = Info.plist; sourceTree = "<group>"; };
		C45B6CB01D68BE5900F94060 /* GoWWorldBossesTests.swift */ = {isa = PBXFileReference; lastKnownFileType = sourcecode.swift; path = GoWWorldBossesTests.swift; sourceTree = "<group>"; };
		C45B6CB21D68BE5900F94060 /* Info.plist */ = {isa = PBXFileReference; lastKnownFileType = text.plist.xml; path = Info.plist; sourceTree = "<group>"; };
		C45BAE281DF2550200C6FB5A /* WBAPIKeyEntryViewController.swift */ = {isa = PBXFileReference; fileEncoding = 4; lastKnownFileType = sourcecode.swift; path = WBAPIKeyEntryViewController.swift; sourceTree = "<group>"; };
		C45BAE2B1DF27F1800C6FB5A /* Base */ = {isa = PBXFileReference; lastKnownFileType = file.storyboard; name = Base; path = Base.lproj/Settings.storyboard; sourceTree = "<group>"; };
		C45D343C1DEB5A1A001C47F9 /* WBWalletRemote.swift */ = {isa = PBXFileReference; fileEncoding = 4; lastKnownFileType = sourcecode.swift; path = WBWalletRemote.swift; sourceTree = "<group>"; };
		C45D343E1DEB5A9E001C47F9 /* WBJsonCharacter.swift */ = {isa = PBXFileReference; fileEncoding = 4; lastKnownFileType = sourcecode.swift; path = WBJsonCharacter.swift; sourceTree = "<group>"; };
		C45D34401DEB5ABF001C47F9 /* WBCharacterRemote.swift */ = {isa = PBXFileReference; fileEncoding = 4; lastKnownFileType = sourcecode.swift; path = WBCharacterRemote.swift; sourceTree = "<group>"; };
		C45D34421DEB5CC2001C47F9 /* WBJsonBase.swift */ = {isa = PBXFileReference; fileEncoding = 4; lastKnownFileType = sourcecode.swift; path = WBJsonBase.swift; sourceTree = "<group>"; };
		C45D34451DEB6D53001C47F9 /* Base */ = {isa = PBXFileReference; lastKnownFileType = file.storyboard; name = Base; path = Base.lproj/Storage.storyboard; sourceTree = "<group>"; };
		C45D34481DEB7A66001C47F9 /* Base */ = {isa = PBXFileReference; lastKnownFileType = file.storyboard; name = Base; path = Base.lproj/Drawer.storyboard; sourceTree = "<group>"; };
		C45D344D1DEB82AB001C47F9 /* WBDrawerMasterViewController.swift */ = {isa = PBXFileReference; fileEncoding = 4; lastKnownFileType = sourcecode.swift; path = WBDrawerMasterViewController.swift; sourceTree = "<group>"; };
		C45D344F1DEB8417001C47F9 /* WBDrawerViewController.swift */ = {isa = PBXFileReference; fileEncoding = 4; lastKnownFileType = sourcecode.swift; path = WBDrawerViewController.swift; sourceTree = "<group>"; };
		C45D34521DEB8691001C47F9 /* WBDrawerTableViewCell.swift */ = {isa = PBXFileReference; fileEncoding = 4; lastKnownFileType = sourcecode.swift; path = WBDrawerTableViewCell.swift; sourceTree = "<group>"; };
		C45D34541DEB8766001C47F9 /* WBStorageItemTableViewCell.swift */ = {isa = PBXFileReference; fileEncoding = 4; lastKnownFileType = sourcecode.swift; path = WBStorageItemTableViewCell.swift; sourceTree = "<group>"; };
		C45D345A1DECD7D6001C47F9 /* WBMainViewController+NavigationBar.swift */ = {isa = PBXFileReference; fileEncoding = 4; lastKnownFileType = sourcecode.swift; path = "WBMainViewController+NavigationBar.swift"; sourceTree = "<group>"; };
		C45D345B1DECD7D6001C47F9 /* WBMainViewController.swift */ = {isa = PBXFileReference; fileEncoding = 4; lastKnownFileType = sourcecode.swift; path = WBMainViewController.swift; sourceTree = "<group>"; };
		C45D345E1DECD865001C47F9 /* WBStoragePageViewController.swift */ = {isa = PBXFileReference; fileEncoding = 4; lastKnownFileType = sourcecode.swift; path = WBStoragePageViewController.swift; sourceTree = "<group>"; };
		C45D34611DECDB42001C47F9 /* AppDelegate.swift */ = {isa = PBXFileReference; fileEncoding = 4; lastKnownFileType = sourcecode.swift; path = AppDelegate.swift; sourceTree = "<group>"; };
		C45D34631DECDBBC001C47F9 /* WBStoryboardFactory.swift */ = {isa = PBXFileReference; fileEncoding = 4; lastKnownFileType = sourcecode.swift; path = WBStoryboardFactory.swift; sourceTree = "<group>"; };
		C45D34651DECDD73001C47F9 /* WBStorageGeneralTableViewController.swift */ = {isa = PBXFileReference; fileEncoding = 4; lastKnownFileType = sourcecode.swift; path = WBStorageGeneralTableViewController.swift; sourceTree = "<group>"; };
		C45D34671DECDEE1001C47F9 /* WBStorageMainViewController.swift */ = {isa = PBXFileReference; fileEncoding = 4; lastKnownFileType = sourcecode.swift; path = WBStorageMainViewController.swift; sourceTree = "<group>"; };
		C45D346C1DECEA41001C47F9 /* WBObject.swift */ = {isa = PBXFileReference; fileEncoding = 4; lastKnownFileType = sourcecode.swift; path = WBObject.swift; sourceTree = "<group>"; };
		C45D346E1DED0E4A001C47F9 /* RealmPlus.swift */ = {isa = PBXFileReference; fileEncoding = 4; lastKnownFileType = sourcecode.swift; path = RealmPlus.swift; sourceTree = "<group>"; };
		C47B01251E088CEE0057F475 /* AppConfigurator.swift */ = {isa = PBXFileReference; fileEncoding = 4; lastKnownFileType = sourcecode.swift; path = AppConfigurator.swift; sourceTree = "<group>"; };
		C47D5B1D1DE69F0E00082CFD /* Entities.swift */ = {isa = PBXFileReference; fileEncoding = 4; lastKnownFileType = sourcecode.swift; path = Entities.swift; sourceTree = "<group>"; };
		C47D5B1F1DE69F0E00082CFD /* GoWWorldBosses.xcdatamodel */ = {isa = PBXFileReference; lastKnownFileType = wrapper.xcdatamodel; path = GoWWorldBosses.xcdatamodel; sourceTree = "<group>"; };
		C47D5B221DE69F3000082CFD /* WBJsonCurrency.swift */ = {isa = PBXFileReference; fileEncoding = 4; lastKnownFileType = sourcecode.swift; path = WBJsonCurrency.swift; sourceTree = "<group>"; };
		C47D5B241DE69F5100082CFD /* WBJsonBankElement.swift */ = {isa = PBXFileReference; fileEncoding = 4; lastKnownFileType = sourcecode.swift; path = WBJsonBankElement.swift; sourceTree = "<group>"; };
		C47D5B271DE6A01900082CFD /* WBBankRemote.swift */ = {isa = PBXFileReference; fileEncoding = 4; lastKnownFileType = sourcecode.swift; path = WBBankRemote.swift; sourceTree = "<group>"; };
		C47D5B281DE6A01900082CFD /* WBRemote.swift */ = {isa = PBXFileReference; fileEncoding = 4; lastKnownFileType = sourcecode.swift; path = WBRemote.swift; sourceTree = "<group>"; };
		C47D5B2C1DE6A23500082CFD /* WBRemoteSession.swift */ = {isa = PBXFileReference; fileEncoding = 4; lastKnownFileType = sourcecode.swift; path = WBRemoteSession.swift; sourceTree = "<group>"; };
		C47E30CC1DF24F8F00B91996 /* Base */ = {isa = PBXFileReference; lastKnownFileType = file.storyboard; name = Base; path = Base.lproj/APIKeyEntry.storyboard; sourceTree = "<group>"; };
		C4873F9A1E0D855E002E742D /* UIColorPlus.swift */ = {isa = PBXFileReference; fileEncoding = 4; lastKnownFileType = sourcecode.swift; path = UIColorPlus.swift; sourceTree = "<group>"; };
		C4873F9C1E0D93E7002E742D /* WBStorageWalletCoinTableViewCell.swift */ = {isa = PBXFileReference; fileEncoding = 4; lastKnownFileType = sourcecode.swift; path = WBStorageWalletCoinTableViewCell.swift; sourceTree = "<group>"; };
		C4873F9E1E0F3AA6002E742D /* WBRootViewController.swift */ = {isa = PBXFileReference; fileEncoding = 4; lastKnownFileType = sourcecode.swift; path = WBRootViewController.swift; sourceTree = "<group>"; };
		C48D84E31DFE15F800585E61 /* WBJsonMaterialElement.swift */ = {isa = PBXFileReference; fileEncoding = 4; lastKnownFileType = sourcecode.swift; path = WBJsonMaterialElement.swift; sourceTree = "<group>"; };
		C48D84E51DFE160E00585E61 /* WBJsonItem.swift */ = {isa = PBXFileReference; fileEncoding = 4; lastKnownFileType = sourcecode.swift; path = WBJsonItem.swift; sourceTree = "<group>"; };
		C48D84E71DFE16DC00585E61 /* WBMaterialRemote.swift */ = {isa = PBXFileReference; fileEncoding = 4; lastKnownFileType = sourcecode.swift; path = WBMaterialRemote.swift; sourceTree = "<group>"; };
		C48D84E91DFE17C500585E61 /* WBItemRemote.swift */ = {isa = PBXFileReference; fileEncoding = 4; lastKnownFileType = sourcecode.swift; path = WBItemRemote.swift; sourceTree = "<group>"; };
		C48D84EB1DFE186100585E61 /* WBMaterialProcessor.swift */ = {isa = PBXFileReference; fileEncoding = 4; lastKnownFileType = sourcecode.swift; path = WBMaterialProcessor.swift; sourceTree = "<group>"; };
		C48D84ED1DFE189A00585E61 /* WBItem.swift */ = {isa = PBXFileReference; fileEncoding = 4; lastKnownFileType = sourcecode.swift; path = WBItem.swift; sourceTree = "<group>"; };
		C48F43C71E160275008DB46B /* WBRemoteResult.swift */ = {isa = PBXFileReference; fileEncoding = 4; lastKnownFileType = sourcecode.swift; path = WBRemoteResult.swift; sourceTree = "<group>"; };
		C4903BF41E00678F004F3345 /* Characters.storyboard */ = {isa = PBXFileReference; fileEncoding = 4; lastKnownFileType = file.storyboard; path = Characters.storyboard; sourceTree = "<group>"; };
		C4903BF71E006828004F3345 /* WBCharactersTableViewController.swift */ = {isa = PBXFileReference; fileEncoding = 4; lastKnownFileType = sourcecode.swift; path = WBCharactersTableViewController.swift; sourceTree = "<group>"; };
		C4903BF91E006859004F3345 /* WBCharactersTableViewCell.swift */ = {isa = PBXFileReference; fileEncoding = 4; lastKnownFileType = sourcecode.swift; path = WBCharactersTableViewCell.swift; sourceTree = "<group>"; };
		C499F0971E146895002F534F /* WBApiErrorView.swift */ = {isa = PBXFileReference; fileEncoding = 4; lastKnownFileType = sourcecode.swift; path = WBApiErrorView.swift; sourceTree = "<group>"; };
		C499F0991E1468DA002F534F /* WBApiErrorView.xib */ = {isa = PBXFileReference; fileEncoding = 4; lastKnownFileType = file.xib; path = WBApiErrorView.xib; sourceTree = "<group>"; };
		C4A409401E01E11600130C85 /* WBSettingsTableViewCell.swift */ = {isa = PBXFileReference; fileEncoding = 4; lastKnownFileType = sourcecode.swift; path = WBSettingsTableViewCell.swift; sourceTree = "<group>"; };
		C4A409421E01E2B200130C85 /* WBMainTableViewCell.swift */ = {isa = PBXFileReference; fileEncoding = 4; lastKnownFileType = sourcecode.swift; path = WBMainTableViewCell.swift; sourceTree = "<group>"; };
		C4A409431E01E2B200130C85 /* WBSettingsNotificationTableViewCell.swift */ = {isa = PBXFileReference; fileEncoding = 4; lastKnownFileType = sourcecode.swift; path = WBSettingsNotificationTableViewCell.swift; sourceTree = "<group>"; };
		C4A409461E01E3E100130C85 /* WBAPIKeyViewController.swift */ = {isa = PBXFileReference; fileEncoding = 4; lastKnownFileType = sourcecode.swift; path = WBAPIKeyViewController.swift; sourceTree = "<group>"; };
		C4A409481E01EA1A00130C85 /* WBAPIKeyTableViewCell.swift */ = {isa = PBXFileReference; fileEncoding = 4; lastKnownFileType = sourcecode.swift; path = WBAPIKeyTableViewCell.swift; sourceTree = "<group>"; };
		C4A4094A1E01ED2400130C85 /* WBAccountRemote.swift */ = {isa = PBXFileReference; fileEncoding = 4; lastKnownFileType = sourcecode.swift; path = WBAccountRemote.swift; sourceTree = "<group>"; };
		C4A4094C1E01F0AA00130C85 /* WBJsonAccount.swift */ = {isa = PBXFileReference; fileEncoding = 4; lastKnownFileType = sourcecode.swift; path = WBJsonAccount.swift; sourceTree = "<group>"; };
		C4A4094E1E01FF4E00130C85 /* WBAccountProcessor.swift */ = {isa = PBXFileReference; fileEncoding = 4; lastKnownFileType = sourcecode.swift; path = WBAccountProcessor.swift; sourceTree = "<group>"; };
		C4A409501E03279A00130C85 /* WBAccount.swift */ = {isa = PBXFileReference; fileEncoding = 4; lastKnownFileType = sourcecode.swift; path = WBAccount.swift; sourceTree = "<group>"; };
		C4A409521E033B2500130C85 /* WBAPIKeyEntryViewController+QRCode.swift */ = {isa = PBXFileReference; fileEncoding = 4; lastKnownFileType = sourcecode.swift; path = "WBAPIKeyEntryViewController+QRCode.swift"; sourceTree = "<group>"; };
		C4A7818D1D6915E900786488 /* WBBossFactory.swift */ = {isa = PBXFileReference; fileEncoding = 4; lastKnownFileType = sourcecode.swift; path = WBBossFactory.swift; sourceTree = "<group>"; };
		C4A7818F1D69165B00786488 /* WBBoss.swift */ = {isa = PBXFileReference; fileEncoding = 4; lastKnownFileType = sourcecode.swift; path = WBBoss.swift; sourceTree = "<group>"; };
		C4A781911D69227300786488 /* NSDate+Plus.swift */ = {isa = PBXFileReference; fileEncoding = 4; lastKnownFileType = sourcecode.swift; path = "NSDate+Plus.swift"; sourceTree = "<group>"; };
		C4ACF9C71E49087500C3F4E3 /* WBSpinnerView.swift */ = {isa = PBXFileReference; fileEncoding = 4; lastKnownFileType = sourcecode.swift; path = WBSpinnerView.swift; sourceTree = "<group>"; };
		C4ACF9CB1E49089B00C3F4E3 /* WBSpinnerView.xib */ = {isa = PBXFileReference; fileEncoding = 4; lastKnownFileType = file.xib; path = WBSpinnerView.xib; sourceTree = "<group>"; };
		C4C799E81DF503D100A8B5F4 /* Base */ = {isa = PBXFileReference; lastKnownFileType = file.storyboard; name = Base; path = Base.lproj/Utility.storyboard; sourceTree = "<group>"; };
		C4C799EA1DF5044000A8B5F4 /* WBLoaderViewController.swift */ = {isa = PBXFileReference; fileEncoding = 4; lastKnownFileType = sourcecode.swift; path = WBLoaderViewController.swift; sourceTree = "<group>"; };
		C4C799EC1DF505BD00A8B5F4 /* UIApplication+Loader.swift */ = {isa = PBXFileReference; fileEncoding = 4; lastKnownFileType = sourcecode.swift; path = "UIApplication+Loader.swift"; sourceTree = "<group>"; };
		C4E310F11E09EC7B0095EEB4 /* README.md */ = {isa = PBXFileReference; fileEncoding = 4; lastKnownFileType = net.daringfireball.markdown; path = README.md; sourceTree = "<group>"; };
		C4E310F91E09EC8C0095EEB4 /* TechNotes.md */ = {isa = PBXFileReference; fileEncoding = 4; lastKnownFileType = net.daringfireball.markdown; path = TechNotes.md; sourceTree = "<group>"; };
		C4E311121E09EFBB0095EEB4 /* ACBorderedButton.swift */ = {isa = PBXFileReference; fileEncoding = 4; lastKnownFileType = sourcecode.swift; path = ACBorderedButton.swift; sourceTree = "<group>"; };
		C4E311161E09F03D0095EEB4 /* ACBorderedTextField.swift */ = {isa = PBXFileReference; fileEncoding = 4; lastKnownFileType = sourcecode.swift; path = ACBorderedTextField.swift; sourceTree = "<group>"; };
		C4E311181E09F17A0095EEB4 /* UIBarButtonPlus.swift */ = {isa = PBXFileReference; fileEncoding = 4; lastKnownFileType = sourcecode.swift; path = UIBarButtonPlus.swift; sourceTree = "<group>"; };
		E8EEB5B9C2FEDBFFEEF747BA /* Pods_WorldBosses.framework */ = {isa = PBXFileReference; explicitFileType = wrapper.framework; includeInIndex = 0; path = Pods_WorldBosses.framework; sourceTree = BUILT_PRODUCTS_DIR; };
/* End PBXFileReference section */

/* Begin PBXFrameworksBuildPhase section */
		C45B6C921D68BE5800F94060 /* Frameworks */ = {
			isa = PBXFrameworksBuildPhase;
			buildActionMask = 2147483647;
			files = (
				32B5268B7CBA87846734224C /* Pods_WorldBosses.framework in Frameworks */,
			);
			runOnlyForDeploymentPostprocessing = 0;
		};
/* End PBXFrameworksBuildPhase section */

/* Begin PBXGroup section */
		C4026EAD1DEE29E30097FFC1 /* Processor */ = {
			isa = PBXGroup;
			children = (
				C4A4094E1E01FF4E00130C85 /* WBAccountProcessor.swift */,
				C4026EAE1DEE2A1A0097FFC1 /* WBWalletProcessor.swift */,
				C413001C1DEF7BDC00D2A92F /* WBBankProcessor.swift */,
				C48D84EB1DFE186100585E61 /* WBMaterialProcessor.swift */,
				C413001E1DEF88A200D2A92F /* WBCharacterProcessor.swift */,
			);
			path = Processor;
			sourceTree = "<group>";
		};
		C411FAE31DFDF7B40038337F /* Storage */ = {
			isa = PBXGroup;
			children = (
				C411FAEA1DFDF84E0038337F /* WBStorageTableViewModelType.swift */,
				C411FAE41DFDF7D90038337F /* WBStorageWalletViewModel.swift */,
				C411FAE61DFDF7FA0038337F /* WBStorageBankViewModel.swift */,
				C411FAE81DFDF8110038337F /* WBStorageMaterialViewModel.swift */,
			);
			path = Storage;
			sourceTree = "<group>";
		};
		C42B94621DFE2A020019CB3D /* Extensions */ = {
			isa = PBXGroup;
			children = (
				C42B94631DFE2A130019CB3D /* ArrayPlus.swift */,
				C4873F9A1E0D855E002E742D /* UIColorPlus.swift */,
			);
			path = Extensions;
			sourceTree = "<group>";
		};
		C45B6C8C1D68BE5800F94060 = {
			isa = PBXGroup;
			children = (
				C45B6C971D68BE5800F94060 /* GoWWorldBosses */,
				C4E310F31E09EC8C0095EEB4 /* Doc */,
				C45B6CAF1D68BE5900F94060 /* GoWWorldBossesTests */,
				C45B6C961D68BE5800F94060 /* Products */,
				EA216089FBB4F8F0B269A8C9 /* Pods */,
				D6F30776B3EBFC5A5699A11C /* Frameworks */,
				C4E310F11E09EC7B0095EEB4 /* README.md */,
			);
			sourceTree = "<group>";
		};
		C45B6C961D68BE5800F94060 /* Products */ = {
			isa = PBXGroup;
			children = (
				C45B6C951D68BE5800F94060 /* WorldBosses.app */,
			);
			name = Products;
			sourceTree = "<group>";
		};
		C45B6C971D68BE5800F94060 /* GoWWorldBosses */ = {
			isa = PBXGroup;
			children = (
				C45D34601DECDB42001C47F9 /* Application */,
				C4A781831D68CFB200786488 /* ViewControllers */,
				C4A781851D68CFB200786488 /* ViewModels */,
				C4A781861D68CFB200786488 /* Views */,
				C47D5B131DE6970C00082CFD /* Models */,
				C42B94621DFE2A020019CB3D /* Extensions */,
				C47E30CB1DF24F8F00B91996 /* APIKeyEntry.storyboard */,
				C45D34471DEB7A66001C47F9 /* Drawer.storyboard */,
				C45B6C9C1D68BE5800F94060 /* Timer.storyboard */,
				C4903BF41E00678F004F3345 /* Characters.storyboard */,
				C45D34441DEB6D53001C47F9 /* Storage.storyboard */,
				C45BAE2A1DF27F1800C6FB5A /* Settings.storyboard */,
				C45B6CA41D68BE5800F94060 /* LaunchScreen.storyboard */,
				C4C799E71DF503D000A8B5F4 /* Utility.storyboard */,
				C45B6CA21D68BE5800F94060 /* Assets.xcassets */,
				C45B6CA71D68BE5800F94060 /* Info.plist */,
			);
			path = GoWWorldBosses;
			sourceTree = "<group>";
		};
		C45B6CAF1D68BE5900F94060 /* GoWWorldBossesTests */ = {
			isa = PBXGroup;
			children = (
				C45B6CB01D68BE5900F94060 /* GoWWorldBossesTests.swift */,
				C45B6CB21D68BE5900F94060 /* Info.plist */,
			);
			path = GoWWorldBossesTests;
			sourceTree = "<group>";
		};
		C45D344C1DEB8265001C47F9 /* Drawers */ = {
			isa = PBXGroup;
			children = (
				C45D344D1DEB82AB001C47F9 /* WBDrawerMasterViewController.swift */,
				C45D344F1DEB8417001C47F9 /* WBDrawerViewController.swift */,
			);
			path = Drawers;
			sourceTree = "<group>";
		};
		C45D34511DEB8658001C47F9 /* Cells */ = {
			isa = PBXGroup;
			children = (
				C4A409421E01E2B200130C85 /* WBMainTableViewCell.swift */,
				C4A409431E01E2B200130C85 /* WBSettingsNotificationTableViewCell.swift */,
				C45D34521DEB8691001C47F9 /* WBDrawerTableViewCell.swift */,
				C4903BF91E006859004F3345 /* WBCharactersTableViewCell.swift */,
				C45D34541DEB8766001C47F9 /* WBStorageItemTableViewCell.swift */,
				C4873F9C1E0D93E7002E742D /* WBStorageWalletCoinTableViewCell.swift */,
				C4A409401E01E11600130C85 /* WBSettingsTableViewCell.swift */,
				C4A409481E01EA1A00130C85 /* WBAPIKeyTableViewCell.swift */,
				C43EF30D1E68D00300C6FADD /* WBStorageDetailTitleTableCell.swift */,
				C43EF30F1E68D01900C6FADD /* WBStorageDetailDescriptionTableCell.swift */,
				C43EF3111E68D02C00C6FADD /* WBStorageDetailTypeTableCell.swift */,
				C43EF3231E6CE9A500C6FADD /* WBStorageDetailCoinValueTableCell.swift */,
			);
			path = Cells;
			sourceTree = "<group>";
		};
		C45D34581DECD7D6001C47F9 /* Storage */ = {
			isa = PBXGroup;
			children = (
				C45D34671DECDEE1001C47F9 /* WBStorageMainViewController.swift */,
				C45D345E1DECD865001C47F9 /* WBStoragePageViewController.swift */,
				C45D34651DECDD73001C47F9 /* WBStorageGeneralTableViewController.swift */,
				C43EF3191E6A7A7700C6FADD /* WBStorageWalletTableViewController.swift */,
				C43EF31B1E6A7B6D00C6FADD /* WBStorageBankTableViewController.swift */,
				C43EF31D1E6A7B8900C6FADD /* WBStorageMaterialTableViewController.swift */,
				C43EF30B1E68CB1700C6FADD /* WBStorageDetailViewController.swift */,
			);
			path = Storage;
			sourceTree = "<group>";
		};
		C45D34591DECD7D6001C47F9 /* Timers */ = {
			isa = PBXGroup;
			children = (
				C45D345A1DECD7D6001C47F9 /* WBMainViewController+NavigationBar.swift */,
				C45D345B1DECD7D6001C47F9 /* WBMainViewController.swift */,
			);
			path = Timers;
			sourceTree = "<group>";
		};
		C45D34601DECDB42001C47F9 /* Application */ = {
			isa = PBXGroup;
			children = (
				C45D34611DECDB42001C47F9 /* AppDelegate.swift */,
				C446050C1E4536CD00E3B0C3 /* AppDelegate+ForceTouchMenu.swift */,
				C45D34631DECDBBC001C47F9 /* WBStoryboardFactory.swift */,
				C4C799EC1DF505BD00A8B5F4 /* UIApplication+Loader.swift */,
				C446050A1E45306300E3B0C3 /* UIApplication+VCStack.swift */,
				C47B01251E088CEE0057F475 /* AppConfigurator.swift */,
				C4358C9D1E443A970094D863 /* WBSettings.swift */,
			);
			path = Application;
			sourceTree = "<group>";
		};
		C45D34691DECE438001C47F9 /* Synchronization */ = {
			isa = PBXGroup;
			children = (
				C45D346E1DED0E4A001C47F9 /* RealmPlus.swift */,
				C4026EB01DEE2B840097FFC1 /* WBSyncContext.swift */,
				C4026EB21DEE33C00097FFC1 /* WBSyncCoordinator.swift */,
			);
			path = Synchronization;
			sourceTree = "<group>";
		};
		C47D5B131DE6970C00082CFD /* Models */ = {
			isa = PBXGroup;
			children = (
				C47D5B191DE69F0E00082CFD /* APIs */,
				C47D5B1C1DE69F0E00082CFD /* Data */,
				C4026EAD1DEE29E30097FFC1 /* Processor */,
			);
			path = Models;
			sourceTree = "<group>";
		};
		C47D5B191DE69F0E00082CFD /* APIs */ = {
			isa = PBXGroup;
			children = (
				C45D34691DECE438001C47F9 /* Synchronization */,
				C47D5B1A1DE69F0E00082CFD /* JSONModels */,
				C47D5B1B1DE69F0E00082CFD /* Remote */,
			);
			path = APIs;
			sourceTree = "<group>";
		};
		C47D5B1A1DE69F0E00082CFD /* JSONModels */ = {
			isa = PBXGroup;
			children = (
				C45D34421DEB5CC2001C47F9 /* WBJsonBase.swift */,
				C4A4094C1E01F0AA00130C85 /* WBJsonAccount.swift */,
				C48D84E51DFE160E00585E61 /* WBJsonItem.swift */,
				C47D5B221DE69F3000082CFD /* WBJsonCurrency.swift */,
				C47D5B241DE69F5100082CFD /* WBJsonBankElement.swift */,
				C48D84E31DFE15F800585E61 /* WBJsonMaterialElement.swift */,
				C45D343E1DEB5A9E001C47F9 /* WBJsonCharacter.swift */,
				C41300201DF0873C00D2A92F /* MapHelper.swift */,
			);
			path = JSONModels;
			sourceTree = "<group>";
		};
		C47D5B1B1DE69F0E00082CFD /* Remote */ = {
			isa = PBXGroup;
			children = (
				C4A4094A1E01ED2400130C85 /* WBAccountRemote.swift */,
				C45D343C1DEB5A1A001C47F9 /* WBWalletRemote.swift */,
				C47D5B271DE6A01900082CFD /* WBBankRemote.swift */,
				C48D84E71DFE16DC00585E61 /* WBMaterialRemote.swift */,
				C45D34401DEB5ABF001C47F9 /* WBCharacterRemote.swift */,
				C48D84E91DFE17C500585E61 /* WBItemRemote.swift */,
				C47D5B281DE6A01900082CFD /* WBRemote.swift */,
				C47D5B2C1DE6A23500082CFD /* WBRemoteSession.swift */,
				C48F43C71E160275008DB46B /* WBRemoteResult.swift */,
			);
			path = Remote;
			sourceTree = "<group>";
		};
		C47D5B1C1DE69F0E00082CFD /* Data */ = {
			isa = PBXGroup;
			children = (
				C43EF3171E6A2C5700C6FADD /* RealmSwiftPlus.swift */,
				C45D346C1DECEA41001C47F9 /* WBObject.swift */,
				C47D5B1D1DE69F0E00082CFD /* Entities.swift */,
				C48D84ED1DFE189A00585E61 /* WBItem.swift */,
				C42B94601DFE1DCE0019CB3D /* WBMaterialElement.swift */,
				C4A409501E03279A00130C85 /* WBAccount.swift */,
				C47D5B1E1DE69F0E00082CFD /* GoWWorldBosses.xcdatamodeld */,
			);
			path = Data;
			sourceTree = "<group>";
		};
		C4903BF61E006810004F3345 /* Characters */ = {
			isa = PBXGroup;
			children = (
				C4903BF71E006828004F3345 /* WBCharactersTableViewController.swift */,
			);
			path = Characters;
			sourceTree = "<group>";
		};
		C4A781831D68CFB200786488 /* ViewControllers */ = {
			isa = PBXGroup;
			children = (
				C45BAE281DF2550200C6FB5A /* WBAPIKeyEntryViewController.swift */,
				C4A409521E033B2500130C85 /* WBAPIKeyEntryViewController+QRCode.swift */,
				C4A409461E01E3E100130C85 /* WBAPIKeyViewController.swift */,
				C45D344C1DEB8265001C47F9 /* Drawers */,
				C4903BF61E006810004F3345 /* Characters */,
				C45D34581DECD7D6001C47F9 /* Storage */,
				C45D34591DECD7D6001C47F9 /* Timers */,
				C41094A41D88FFCF00751A72 /* WBSettingsViewController.swift */,
				C41094A61D89003D00751A72 /* WBAboutViewController.swift */,
				C4C799EA1DF5044000A8B5F4 /* WBLoaderViewController.swift */,
				C4873F9E1E0F3AA6002E742D /* WBRootViewController.swift */,
			);
			path = ViewControllers;
			sourceTree = "<group>";
		};
		C4A781851D68CFB200786488 /* ViewModels */ = {
			isa = PBXGroup;
			children = (
				C411FAE31DFDF7B40038337F /* Storage */,
				C4A7818D1D6915E900786488 /* WBBossFactory.swift */,
				C4341A831D89FA28007D84CC /* WBBossFactory+TestBosses.swift */,
				C4A7818F1D69165B00786488 /* WBBoss.swift */,
				C41E4E911D74D1850037E57F /* WBHighLevelBoss.swift */,
				C4A781911D69227300786488 /* NSDate+Plus.swift */,
				C4341F171D8F1027007D84CC /* WBKeyStore.swift */,
			);
			path = ViewModels;
			sourceTree = "<group>";
		};
		C4A781861D68CFB200786488 /* Views */ = {
			isa = PBXGroup;
			children = (
				C45D34511DEB8658001C47F9 /* Cells */,
				C4E311121E09EFBB0095EEB4 /* ACBorderedButton.swift */,
				C4E311161E09F03D0095EEB4 /* ACBorderedTextField.swift */,
				C43EF3131E68D4D700C6FADD /* ACBorderedImageView.swift */,
				C4E311181E09F17A0095EEB4 /* UIBarButtonPlus.swift */,
				C499F0971E146895002F534F /* WBApiErrorView.swift */,
				C499F0991E1468DA002F534F /* WBApiErrorView.xib */,
				C4ACF9C71E49087500C3F4E3 /* WBSpinnerView.swift */,
				C4ACF9CB1E49089B00C3F4E3 /* WBSpinnerView.xib */,
				C43EF3211E6B7D7900C6FADD /* WBCoinView.swift */,
				C43EF31F1E6B7AAF00C6FADD /* WBCoinView.xib */,
			);
			path = Views;
			sourceTree = "<group>";
		};
		C4E310F31E09EC8C0095EEB4 /* Doc */ = {
			isa = PBXGroup;
			children = (
				C4E310F91E09EC8C0095EEB4 /* TechNotes.md */,
			);
			path = Doc;
			sourceTree = "<group>";
		};
		D6F30776B3EBFC5A5699A11C /* Frameworks */ = {
			isa = PBXGroup;
			children = (
				E8EEB5B9C2FEDBFFEEF747BA /* Pods_WorldBosses.framework */,
			);
			name = Frameworks;
			sourceTree = "<group>";
		};
		EA216089FBB4F8F0B269A8C9 /* Pods */ = {
			isa = PBXGroup;
			children = (
				02A9040D489312C722156EC9 /* Pods-WorldBosses.debug.xcconfig */,
				1E513F50CFF16B521B3D76B2 /* Pods-WorldBosses.release.xcconfig */,
			);
			name = Pods;
			sourceTree = "<group>";
		};
/* End PBXGroup section */

/* Begin PBXNativeTarget section */
		C45B6C941D68BE5800F94060 /* WorldBosses */ = {
			isa = PBXNativeTarget;
			buildConfigurationList = C45B6CB51D68BE5900F94060 /* Build configuration list for PBXNativeTarget "WorldBosses" */;
			buildPhases = (
				AFB8883A8513954F8306A5C0 /* [CP] Check Pods Manifest.lock */,
				C45B6C911D68BE5800F94060 /* Sources */,
				C45B6C921D68BE5800F94060 /* Frameworks */,
				C45B6C931D68BE5800F94060 /* Resources */,
				B1440FB1E09F8D8397E7F933 /* [CP] Embed Pods Frameworks */,
				B0B0EDF9B1E08D019965315B /* [CP] Copy Pods Resources */,
				C446B4F91D6FBC1700975AAE /* ShellScript */,
			);
			buildRules = (
			);
			dependencies = (
			);
			name = WorldBosses;
			productName = GoWWorldBosses;
			productReference = C45B6C951D68BE5800F94060 /* WorldBosses.app */;
			productType = "com.apple.product-type.application";
		};
/* End PBXNativeTarget section */

/* Begin PBXProject section */
		C45B6C8D1D68BE5800F94060 /* Project object */ = {
			isa = PBXProject;
			attributes = {
				LastSwiftUpdateCheck = 0730;
				LastUpgradeCheck = 0820;
				ORGANIZATIONNAME = "Austin Chen";
				TargetAttributes = {
					C45B6C941D68BE5800F94060 = {
						CreatedOnToolsVersion = 7.3.1;
						DevelopmentTeam = JF6RD64R9G;
						LastSwiftMigration = 0810;
					};
				};
			};
			buildConfigurationList = C45B6C901D68BE5800F94060 /* Build configuration list for PBXProject "GoWWorldBosses" */;
			compatibilityVersion = "Xcode 3.2";
			developmentRegion = English;
			hasScannedForEncodings = 0;
			knownRegions = (
				en,
				Base,
			);
			mainGroup = C45B6C8C1D68BE5800F94060;
			productRefGroup = C45B6C961D68BE5800F94060 /* Products */;
			projectDirPath = "";
			projectRoot = "";
			targets = (
				C45B6C941D68BE5800F94060 /* WorldBosses */,
			);
		};
/* End PBXProject section */

/* Begin PBXResourcesBuildPhase section */
		C45B6C931D68BE5800F94060 /* Resources */ = {
			isa = PBXResourcesBuildPhase;
			buildActionMask = 2147483647;
			files = (
				C43EF3201E6B7AAF00C6FADD /* WBCoinView.xib in Resources */,
				C45B6CA61D68BE5800F94060 /* LaunchScreen.storyboard in Resources */,
				C4903BF51E00678F004F3345 /* Characters.storyboard in Resources */,
				C45B6CA31D68BE5800F94060 /* Assets.xcassets in Resources */,
				C45D34491DEB7A66001C47F9 /* Drawer.storyboard in Resources */,
				C45D34461DEB6D53001C47F9 /* Storage.storyboard in Resources */,
				C47E30CD1DF24F8F00B91996 /* APIKeyEntry.storyboard in Resources */,
				C4C799E91DF503D100A8B5F4 /* Utility.storyboard in Resources */,
				C4ACF9CC1E49089B00C3F4E3 /* WBSpinnerView.xib in Resources */,
				C45B6C9E1D68BE5800F94060 /* Timer.storyboard in Resources */,
				C45BAE2C1DF27F1800C6FB5A /* Settings.storyboard in Resources */,
				C499F09A1E1468DA002F534F /* WBApiErrorView.xib in Resources */,
			);
			runOnlyForDeploymentPostprocessing = 0;
		};
/* End PBXResourcesBuildPhase section */

/* Begin PBXShellScriptBuildPhase section */
		AFB8883A8513954F8306A5C0 /* [CP] Check Pods Manifest.lock */ = {
			isa = PBXShellScriptBuildPhase;
			buildActionMask = 2147483647;
			files = (
			);
			inputPaths = (
			);
			name = "[CP] Check Pods Manifest.lock";
			outputPaths = (
			);
			runOnlyForDeploymentPostprocessing = 0;
			shellPath = /bin/sh;
			shellScript = "diff \"${PODS_ROOT}/../Podfile.lock\" \"${PODS_ROOT}/Manifest.lock\" > /dev/null\nif [ $? != 0 ] ; then\n    # print error to STDERR\n    echo \"error: The sandbox is not in sync with the Podfile.lock. Run 'pod install' or update your CocoaPods installation.\" >&2\n    exit 1\nfi\n";
			showEnvVarsInLog = 0;
		};
		B0B0EDF9B1E08D019965315B /* [CP] Copy Pods Resources */ = {
			isa = PBXShellScriptBuildPhase;
			buildActionMask = 2147483647;
			files = (
			);
			inputPaths = (
			);
			name = "[CP] Copy Pods Resources";
			outputPaths = (
			);
			runOnlyForDeploymentPostprocessing = 0;
			shellPath = /bin/sh;
			shellScript = "\"${SRCROOT}/Pods/Target Support Files/Pods-WorldBosses/Pods-WorldBosses-resources.sh\"\n";
			showEnvVarsInLog = 0;
		};
		B1440FB1E09F8D8397E7F933 /* [CP] Embed Pods Frameworks */ = {
			isa = PBXShellScriptBuildPhase;
			buildActionMask = 2147483647;
			files = (
			);
			inputPaths = (
			);
			name = "[CP] Embed Pods Frameworks";
			outputPaths = (
			);
			runOnlyForDeploymentPostprocessing = 0;
			shellPath = /bin/sh;
			shellScript = "\"${SRCROOT}/Pods/Target Support Files/Pods-WorldBosses/Pods-WorldBosses-frameworks.sh\"\n";
			showEnvVarsInLog = 0;
		};
		C446B4F91D6FBC1700975AAE /* ShellScript */ = {
			isa = PBXShellScriptBuildPhase;
			buildActionMask = 2147483647;
			files = (
			);
			inputPaths = (
			);
			outputPaths = (
			);
			runOnlyForDeploymentPostprocessing = 0;
			shellPath = /bin/sh;
			shellScript = "\"${PODS_ROOT}/Fabric/run\" 1f573285199355017945172de0ea6336f3c314fb daaada88e637b9d80914cea235f36892ef83e8b0e36ddb3b296eb1aec5a55467";
		};
/* End PBXShellScriptBuildPhase section */

/* Begin PBXSourcesBuildPhase section */
		C45B6C911D68BE5800F94060 /* Sources */ = {
			isa = PBXSourcesBuildPhase;
			buildActionMask = 2147483647;
			files = (
				C41300211DF0873C00D2A92F /* MapHelper.swift in Sources */,
				C45D34641DECDBBC001C47F9 /* WBStoryboardFactory.swift in Sources */,
				C45D346F1DED0E4A001C47F9 /* RealmPlus.swift in Sources */,
				C4A409491E01EA1A00130C85 /* WBAPIKeyTableViewCell.swift in Sources */,
				C4341A841D89FA28007D84CC /* WBBossFactory+TestBosses.swift in Sources */,
				C4A409451E01E2B200130C85 /* WBSettingsNotificationTableViewCell.swift in Sources */,
				C43EF3221E6B7D7900C6FADD /* WBCoinView.swift in Sources */,
				C4E311191E09F17A0095EEB4 /* UIBarButtonPlus.swift in Sources */,
				C45D34431DEB5CC2001C47F9 /* WBJsonBase.swift in Sources */,
				C48D84EC1DFE186100585E61 /* WBMaterialProcessor.swift in Sources */,
				C4A409471E01E3E100130C85 /* WBAPIKeyViewController.swift in Sources */,
				C4C799ED1DF505BD00A8B5F4 /* UIApplication+Loader.swift in Sources */,
				C45D34551DEB8766001C47F9 /* WBStorageItemTableViewCell.swift in Sources */,
				C41E4E921D74D1850037E57F /* WBHighLevelBoss.swift in Sources */,
				C4873F9B1E0D855E002E742D /* UIColorPlus.swift in Sources */,
				C4A409511E03279A00130C85 /* WBAccount.swift in Sources */,
				C45D34661DECDD73001C47F9 /* WBStorageGeneralTableViewController.swift in Sources */,
				C42B94641DFE2A130019CB3D /* ArrayPlus.swift in Sources */,
				C4A4094B1E01ED2400130C85 /* WBAccountRemote.swift in Sources */,
				C43EF31C1E6A7B6D00C6FADD /* WBStorageBankTableViewController.swift in Sources */,
				C42B94611DFE1DCE0019CB3D /* WBMaterialElement.swift in Sources */,
				C45D34621DECDB42001C47F9 /* AppDelegate.swift in Sources */,
				C4A7818E1D6915E900786488 /* WBBossFactory.swift in Sources */,
				C446050D1E4536CD00E3B0C3 /* AppDelegate+ForceTouchMenu.swift in Sources */,
				C47D5B2D1DE6A23500082CFD /* WBRemoteSession.swift in Sources */,
				C4E311091E09EC8C0095EEB4 /* TechNotes.md in Sources */,
				C411FAE51DFDF7D90038337F /* WBStorageWalletViewModel.swift in Sources */,
				C47D5B2A1DE6A01900082CFD /* WBBankRemote.swift in Sources */,
				C4026EB31DEE33C00097FFC1 /* WBSyncCoordinator.swift in Sources */,
				C4E311131E09EFBB0095EEB4 /* ACBorderedButton.swift in Sources */,
				C43EF3141E68D4D700C6FADD /* ACBorderedImageView.swift in Sources */,
				C43EF3241E6CE9A500C6FADD /* WBStorageDetailCoinValueTableCell.swift in Sources */,
				C45D34681DECDEE1001C47F9 /* WBStorageMainViewController.swift in Sources */,
				C47D5B201DE69F0E00082CFD /* Entities.swift in Sources */,
				C4026EB11DEE2B840097FFC1 /* WBSyncContext.swift in Sources */,
				C4E311171E09F03D0095EEB4 /* ACBorderedTextField.swift in Sources */,
				C45D34531DEB8691001C47F9 /* WBDrawerTableViewCell.swift in Sources */,
				C499F0981E146895002F534F /* WBApiErrorView.swift in Sources */,
				C411FAEB1DFDF84E0038337F /* WBStorageTableViewModelType.swift in Sources */,
				C4A409411E01E11600130C85 /* WBSettingsTableViewCell.swift in Sources */,
				C43EF3121E68D02C00C6FADD /* WBStorageDetailTypeTableCell.swift in Sources */,
				C45D345C1DECD7D6001C47F9 /* WBMainViewController+NavigationBar.swift in Sources */,
				C45D345F1DECD865001C47F9 /* WBStoragePageViewController.swift in Sources */,
				C4358C9E1E443A970094D863 /* WBSettings.swift in Sources */,
				C48D84EA1DFE17C500585E61 /* WBItemRemote.swift in Sources */,
				C4026EAF1DEE2A1A0097FFC1 /* WBWalletProcessor.swift in Sources */,
				C4341F181D8F1027007D84CC /* WBKeyStore.swift in Sources */,
				C43EF31E1E6A7B8900C6FADD /* WBStorageMaterialTableViewController.swift in Sources */,
				C4873F9F1E0F3AA6002E742D /* WBRootViewController.swift in Sources */,
				C411FAE91DFDF8110038337F /* WBStorageMaterialViewModel.swift in Sources */,
				C47D5B211DE69F0E00082CFD /* GoWWorldBosses.xcdatamodeld in Sources */,
				C47D5B2B1DE6A01900082CFD /* WBRemote.swift in Sources */,
				C43EF3101E68D01900C6FADD /* WBStorageDetailDescriptionTableCell.swift in Sources */,
				C4A781921D69227300786488 /* NSDate+Plus.swift in Sources */,
				C4A409531E033B2500130C85 /* WBAPIKeyEntryViewController+QRCode.swift in Sources */,
				C47D5B251DE69F5100082CFD /* WBJsonBankElement.swift in Sources */,
				C45D344E1DEB82AB001C47F9 /* WBDrawerMasterViewController.swift in Sources */,
				C446050B1E45306300E3B0C3 /* UIApplication+VCStack.swift in Sources */,
				C4903BF81E006828004F3345 /* WBCharactersTableViewController.swift in Sources */,
				C45D343D1DEB5A1A001C47F9 /* WBWalletRemote.swift in Sources */,
				C4A409441E01E2B200130C85 /* WBMainTableViewCell.swift in Sources */,
				C41094A51D88FFCF00751A72 /* WBSettingsViewController.swift in Sources */,
				C4903BFA1E006859004F3345 /* WBCharactersTableViewCell.swift in Sources */,
				C4A4094D1E01F0AA00130C85 /* WBJsonAccount.swift in Sources */,
				C48D84E41DFE15F800585E61 /* WBJsonMaterialElement.swift in Sources */,
				C48F43C81E160275008DB46B /* WBRemoteResult.swift in Sources */,
				C4A4094F1E01FF4E00130C85 /* WBAccountProcessor.swift in Sources */,
				C413001F1DEF88A200D2A92F /* WBCharacterProcessor.swift in Sources */,
				C45BAE291DF2550200C6FB5A /* WBAPIKeyEntryViewController.swift in Sources */,
				C45D343F1DEB5A9E001C47F9 /* WBJsonCharacter.swift in Sources */,
				C43EF30C1E68CB1700C6FADD /* WBStorageDetailViewController.swift in Sources */,
				C43EF31A1E6A7A7700C6FADD /* WBStorageWalletTableViewController.swift in Sources */,
				C413001D1DEF7BDC00D2A92F /* WBBankProcessor.swift in Sources */,
				C4A781901D69165B00786488 /* WBBoss.swift in Sources */,
				C4ACF9C81E49087500C3F4E3 /* WBSpinnerView.swift in Sources */,
				C4C799EB1DF5044000A8B5F4 /* WBLoaderViewController.swift in Sources */,
				C45D345D1DECD7D6001C47F9 /* WBMainViewController.swift in Sources */,
				C48D84E81DFE16DC00585E61 /* WBMaterialRemote.swift in Sources */,
				C45D346D1DECEA41001C47F9 /* WBObject.swift in Sources */,
				C45D34501DEB8417001C47F9 /* WBDrawerViewController.swift in Sources */,
				C47D5B231DE69F3000082CFD /* WBJsonCurrency.swift in Sources */,
				C47B01261E088CEE0057F475 /* AppConfigurator.swift in Sources */,
				C411FAE71DFDF7FA0038337F /* WBStorageBankViewModel.swift in Sources */,
				C43EF30E1E68D00300C6FADD /* WBStorageDetailTitleTableCell.swift in Sources */,
				C43EF3181E6A2C5700C6FADD /* RealmSwiftPlus.swift in Sources */,
				C48D84E61DFE160E00585E61 /* WBJsonItem.swift in Sources */,
				C45D34411DEB5ABF001C47F9 /* WBCharacterRemote.swift in Sources */,
				C4E310F21E09EC7B0095EEB4 /* README.md in Sources */,
				C41094A71D89003D00751A72 /* WBAboutViewController.swift in Sources */,
				C48D84EE1DFE189A00585E61 /* WBItem.swift in Sources */,
				C4873F9D1E0D93E7002E742D /* WBStorageWalletCoinTableViewCell.swift in Sources */,
			);
			runOnlyForDeploymentPostprocessing = 0;
		};
/* End PBXSourcesBuildPhase section */

/* Begin PBXVariantGroup section */
		C45B6C9C1D68BE5800F94060 /* Timer.storyboard */ = {
			isa = PBXVariantGroup;
			children = (
				C45B6C9D1D68BE5800F94060 /* Base */,
			);
			name = Timer.storyboard;
			sourceTree = "<group>";
		};
		C45B6CA41D68BE5800F94060 /* LaunchScreen.storyboard */ = {
			isa = PBXVariantGroup;
			children = (
				C45B6CA51D68BE5800F94060 /* Base */,
			);
			name = LaunchScreen.storyboard;
			sourceTree = "<group>";
		};
		C45BAE2A1DF27F1800C6FB5A /* Settings.storyboard */ = {
			isa = PBXVariantGroup;
			children = (
				C45BAE2B1DF27F1800C6FB5A /* Base */,
			);
			name = Settings.storyboard;
			sourceTree = "<group>";
		};
		C45D34441DEB6D53001C47F9 /* Storage.storyboard */ = {
			isa = PBXVariantGroup;
			children = (
				C45D34451DEB6D53001C47F9 /* Base */,
			);
			name = Storage.storyboard;
			sourceTree = "<group>";
		};
		C45D34471DEB7A66001C47F9 /* Drawer.storyboard */ = {
			isa = PBXVariantGroup;
			children = (
				C45D34481DEB7A66001C47F9 /* Base */,
			);
			name = Drawer.storyboard;
			sourceTree = "<group>";
		};
		C47E30CB1DF24F8F00B91996 /* APIKeyEntry.storyboard */ = {
			isa = PBXVariantGroup;
			children = (
				C47E30CC1DF24F8F00B91996 /* Base */,
			);
			name = APIKeyEntry.storyboard;
			sourceTree = "<group>";
		};
		C4C799E71DF503D000A8B5F4 /* Utility.storyboard */ = {
			isa = PBXVariantGroup;
			children = (
				C4C799E81DF503D100A8B5F4 /* Base */,
			);
			name = Utility.storyboard;
			sourceTree = "<group>";
		};
/* End PBXVariantGroup section */

/* Begin XCBuildConfiguration section */
		C45B6CB31D68BE5900F94060 /* Debug */ = {
			isa = XCBuildConfiguration;
			buildSettings = {
				ALWAYS_EMBED_SWIFT_STANDARD_LIBRARIES = "$(inherited)";
				ALWAYS_SEARCH_USER_PATHS = NO;
				CLANG_ANALYZER_NONNULL = YES;
				CLANG_CXX_LANGUAGE_STANDARD = "gnu++0x";
				CLANG_CXX_LIBRARY = "libc++";
				CLANG_ENABLE_MODULES = YES;
				CLANG_ENABLE_OBJC_ARC = YES;
				CLANG_WARN_BOOL_CONVERSION = YES;
				CLANG_WARN_CONSTANT_CONVERSION = YES;
				CLANG_WARN_DIRECT_OBJC_ISA_USAGE = YES_ERROR;
				CLANG_WARN_EMPTY_BODY = YES;
				CLANG_WARN_ENUM_CONVERSION = YES;
				CLANG_WARN_INFINITE_RECURSION = YES;
				CLANG_WARN_INT_CONVERSION = YES;
				CLANG_WARN_OBJC_ROOT_CLASS = YES_ERROR;
				CLANG_WARN_SUSPICIOUS_MOVE = YES;
				CLANG_WARN_UNREACHABLE_CODE = YES;
				CLANG_WARN__DUPLICATE_METHOD_MATCH = YES;
				"CODE_SIGN_IDENTITY[sdk=iphoneos*]" = "iPhone Developer";
				COPY_PHASE_STRIP = NO;
				DEBUG_INFORMATION_FORMAT = dwarf;
				ENABLE_STRICT_OBJC_MSGSEND = YES;
				ENABLE_TESTABILITY = YES;
				GCC_C_LANGUAGE_STANDARD = gnu99;
				GCC_DYNAMIC_NO_PIC = NO;
				GCC_NO_COMMON_BLOCKS = YES;
				GCC_OPTIMIZATION_LEVEL = 0;
				GCC_PREPROCESSOR_DEFINITIONS = (
					"DEBUG=1",
					"$(inherited)",
				);
				GCC_WARN_64_TO_32_BIT_CONVERSION = YES;
				GCC_WARN_ABOUT_RETURN_TYPE = YES_ERROR;
				GCC_WARN_UNDECLARED_SELECTOR = YES;
				GCC_WARN_UNINITIALIZED_AUTOS = YES_AGGRESSIVE;
				GCC_WARN_UNUSED_FUNCTION = YES;
				GCC_WARN_UNUSED_VARIABLE = YES;
				IPHONEOS_DEPLOYMENT_TARGET = 9.0;
				MTL_ENABLE_DEBUG_INFO = YES;
				ONLY_ACTIVE_ARCH = YES;
				SDKROOT = iphoneos;
				SWIFT_OPTIMIZATION_LEVEL = "-Onone";
				SWIFT_VERSION = 3.0.1;
				TARGETED_DEVICE_FAMILY = "1,2";
			};
			name = Debug;
		};
		C45B6CB41D68BE5900F94060 /* Release */ = {
			isa = XCBuildConfiguration;
			buildSettings = {
				ALWAYS_EMBED_SWIFT_STANDARD_LIBRARIES = "$(inherited)";
				ALWAYS_SEARCH_USER_PATHS = NO;
				CLANG_ANALYZER_NONNULL = YES;
				CLANG_CXX_LANGUAGE_STANDARD = "gnu++0x";
				CLANG_CXX_LIBRARY = "libc++";
				CLANG_ENABLE_MODULES = YES;
				CLANG_ENABLE_OBJC_ARC = YES;
				CLANG_WARN_BOOL_CONVERSION = YES;
				CLANG_WARN_CONSTANT_CONVERSION = YES;
				CLANG_WARN_DIRECT_OBJC_ISA_USAGE = YES_ERROR;
				CLANG_WARN_EMPTY_BODY = YES;
				CLANG_WARN_ENUM_CONVERSION = YES;
				CLANG_WARN_INFINITE_RECURSION = YES;
				CLANG_WARN_INT_CONVERSION = YES;
				CLANG_WARN_OBJC_ROOT_CLASS = YES_ERROR;
				CLANG_WARN_SUSPICIOUS_MOVE = YES;
				CLANG_WARN_UNREACHABLE_CODE = YES;
				CLANG_WARN__DUPLICATE_METHOD_MATCH = YES;
				"CODE_SIGN_IDENTITY[sdk=iphoneos*]" = "iPhone Developer";
				COPY_PHASE_STRIP = NO;
				DEBUG_INFORMATION_FORMAT = "dwarf-with-dsym";
				ENABLE_NS_ASSERTIONS = NO;
				ENABLE_STRICT_OBJC_MSGSEND = YES;
				GCC_C_LANGUAGE_STANDARD = gnu99;
				GCC_NO_COMMON_BLOCKS = YES;
				GCC_WARN_64_TO_32_BIT_CONVERSION = YES;
				GCC_WARN_ABOUT_RETURN_TYPE = YES_ERROR;
				GCC_WARN_UNDECLARED_SELECTOR = YES;
				GCC_WARN_UNINITIALIZED_AUTOS = YES_AGGRESSIVE;
				GCC_WARN_UNUSED_FUNCTION = YES;
				GCC_WARN_UNUSED_VARIABLE = YES;
				IPHONEOS_DEPLOYMENT_TARGET = 9.0;
				MTL_ENABLE_DEBUG_INFO = NO;
				SDKROOT = iphoneos;
				SWIFT_OPTIMIZATION_LEVEL = "-Owholemodule";
				SWIFT_VERSION = 3.0.1;
				TARGETED_DEVICE_FAMILY = "1,2";
				VALIDATE_PRODUCT = YES;
			};
			name = Release;
		};
		C45B6CB61D68BE5900F94060 /* Debug */ = {
			isa = XCBuildConfiguration;
			baseConfigurationReference = 02A9040D489312C722156EC9 /* Pods-WorldBosses.debug.xcconfig */;
			buildSettings = {
				ALWAYS_EMBED_SWIFT_STANDARD_LIBRARIES = YES;
				ASSETCATALOG_COMPILER_APPICON_NAME = AppIcon;
				CLANG_ENABLE_MODULES = YES;
				CODE_SIGN_IDENTITY = "iPhone Developer";
				"CODE_SIGN_IDENTITY[sdk=iphoneos*]" = "iPhone Developer";
				INFOPLIST_FILE = GoWWorldBosses/Info.plist;
				IPHONEOS_DEPLOYMENT_TARGET = 9.0;
				LD_RUNPATH_SEARCH_PATHS = "$(inherited) @executable_path/Frameworks";
				PRODUCT_BUNDLE_IDENTIFIER = com.accodeworks.GoWWorldBosses;
				PRODUCT_NAME = "$(TARGET_NAME)";
				PROVISIONING_PROFILE = "";
				SWIFT_OPTIMIZATION_LEVEL = "-Onone";
				SWIFT_VERSION = 3.0;
				TARGETED_DEVICE_FAMILY = 1;
			};
			name = Debug;
		};
		C45B6CB71D68BE5900F94060 /* Release */ = {
			isa = XCBuildConfiguration;
			baseConfigurationReference = 1E513F50CFF16B521B3D76B2 /* Pods-WorldBosses.release.xcconfig */;
			buildSettings = {
				ALWAYS_EMBED_SWIFT_STANDARD_LIBRARIES = YES;
				ASSETCATALOG_COMPILER_APPICON_NAME = AppIcon;
				CLANG_ENABLE_MODULES = YES;
				CODE_SIGN_IDENTITY = "iPhone Developer";
				"CODE_SIGN_IDENTITY[sdk=iphoneos*]" = "iPhone Developer";
				INFOPLIST_FILE = GoWWorldBosses/Info.plist;
				IPHONEOS_DEPLOYMENT_TARGET = 9.0;
				LD_RUNPATH_SEARCH_PATHS = "$(inherited) @executable_path/Frameworks";
				PRODUCT_BUNDLE_IDENTIFIER = com.accodeworks.GoWWorldBosses;
				PRODUCT_NAME = "$(TARGET_NAME)";
				PROVISIONING_PROFILE = "";
				SWIFT_VERSION = 3.0;
				TARGETED_DEVICE_FAMILY = 1;
			};
			name = Release;
		};
/* End XCBuildConfiguration section */

/* Begin XCConfigurationList section */
		C45B6C901D68BE5800F94060 /* Build configuration list for PBXProject "GoWWorldBosses" */ = {
			isa = XCConfigurationList;
			buildConfigurations = (
				C45B6CB31D68BE5900F94060 /* Debug */,
				C45B6CB41D68BE5900F94060 /* Release */,
			);
			defaultConfigurationIsVisible = 0;
			defaultConfigurationName = Release;
		};
		C45B6CB51D68BE5900F94060 /* Build configuration list for PBXNativeTarget "WorldBosses" */ = {
			isa = XCConfigurationList;
			buildConfigurations = (
				C45B6CB61D68BE5900F94060 /* Debug */,
				C45B6CB71D68BE5900F94060 /* Release */,
			);
			defaultConfigurationIsVisible = 0;
			defaultConfigurationName = Release;
		};
/* End XCConfigurationList section */

/* Begin XCVersionGroup section */
		C47D5B1E1DE69F0E00082CFD /* GoWWorldBosses.xcdatamodeld */ = {
			isa = XCVersionGroup;
			children = (
				C47D5B1F1DE69F0E00082CFD /* GoWWorldBosses.xcdatamodel */,
			);
			currentVersion = C47D5B1F1DE69F0E00082CFD /* GoWWorldBosses.xcdatamodel */;
			path = GoWWorldBosses.xcdatamodeld;
			sourceTree = "<group>";
			versionGroupType = wrapper.xcdatamodel;
		};
/* End XCVersionGroup section */
	};
	rootObject = C45B6C8D1D68BE5800F94060 /* Project object */;
}
